
Microsoft Visual Studio Solution File, Format Version 12.00
# Visual Studio Version 17
VisualStudioVersion = 17.8.34525.116
MinimumVisualStudioVersion = 10.0.40219.1
Project("{8BC9CEB8-8B4A-11D0-8D11-00A0C91BC942}") = "lab 6.2.7", "lab 6.2.7\lab 6.2.7.vcxproj", "{BE672944-89A6-4630-A965-7D956D5CCEBF}"
EndProject
Global
	GlobalSection(SolutionConfigurationPlatforms) = preSolution
		Debug|x64 = Debug|x64
		Debug|x86 = Debug|x86
		Release|x64 = Release|x64
		Release|x86 = Release|x86
	EndGlobalSection
	GlobalSection(ProjectConfigurationPlatforms) = postSolution
		{BE672944-89A6-4630-A965-7D956D5CCEBF}.Debug|x64.ActiveCfg = Debug|x64
		{BE672944-89A6-4630-A965-7D956D5CCEBF}.Debug|x64.Build.0 = Debug|x64
		{BE672944-89A6-4630-A965-7D956D5CCEBF}.Debug|x86.ActiveCfg = Debug|Win32
		{BE672944-89A6-4630-A965-7D956D5CCEBF}.Debug|x86.Build.0 = Debug|Win32
		{BE672944-89A6-4630-A965-7D956D5CCEBF}.Release|x64.ActiveCfg = Release|x64
		{BE672944-89A6-4630-A965-7D956D5CCEBF}.Release|x64.Build.0 = Release|x64
		{BE672944-89A6-4630-A965-7D956D5CCEBF}.Release|x86.ActiveCfg = Release|Win32
		{BE672944-89A6-4630-A965-7D956D5CCEBF}.Release|x86.Build.0 = Release|Win32
	EndGlobalSection
	GlobalSection(SolutionProperties) = preSolution
		HideSolutionNode = FALSE
	EndGlobalSection
	GlobalSection(ExtensibilityGlobals) = postSolution
		SolutionGuid = {40B02A59-018B-4029-B906-B3A84C329540}
	EndGlobalSection
EndGlobal
